
Microsoft Visual Studio Solution File, Format Version 12.00
# Visual Studio 15
VisualStudioVersion = 15.0.28010.2046
MinimumVisualStudioVersion = 10.0.40219.1
Project("{FAE04EC0-301F-11D3-BF4B-00C04F79EFBC}") = "Scheduler", "Scheduler\Scheduler.csproj", "{3F87CAA9-5C28-479C-8062-4FE55EFEF3B3}"
EndProject
Project("{FAE04EC0-301F-11D3-BF4B-00C04F79EFBC}") = "Worker", "Worker\Worker.csproj", "{DD2751DB-8531-4BEB-BFA5-29691A7AF7D1}"
EndProject
Global
	GlobalSection(SolutionConfigurationPlatforms) = preSolution
		Debug|Any CPU = Debug|Any CPU
		Release|Any CPU = Release|Any CPU
	EndGlobalSection
	GlobalSection(ProjectConfigurationPlatforms) = postSolution
		{3F87CAA9-5C28-479C-8062-4FE55EFEF3B3}.Debug|Any CPU.ActiveCfg = Debug|Any CPU
		{3F87CAA9-5C28-479C-8062-4FE55EFEF3B3}.Debug|Any CPU.Build.0 = Debug|Any CPU
		{3F87CAA9-5C28-479C-8062-4FE55EFEF3B3}.Release|Any CPU.ActiveCfg = Release|Any CPU
		{3F87CAA9-5C28-479C-8062-4FE55EFEF3B3}.Release|Any CPU.Build.0 = Release|Any CPU
		{DD2751DB-8531-4BEB-BFA5-29691A7AF7D1}.Debug|Any CPU.ActiveCfg = Debug|Any CPU
		{DD2751DB-8531-4BEB-BFA5-29691A7AF7D1}.Debug|Any CPU.Build.0 = Debug|Any CPU
		{DD2751DB-8531-4BEB-BFA5-29691A7AF7D1}.Release|Any CPU.ActiveCfg = Release|Any CPU
		{DD2751DB-8531-4BEB-BFA5-29691A7AF7D1}.Release|Any CPU.Build.0 = Release|Any CPU
	EndGlobalSection
	GlobalSection(SolutionProperties) = preSolution
		HideSolutionNode = FALSE
	EndGlobalSection
	GlobalSection(ExtensibilityGlobals) = postSolution
		SolutionGuid = {87707B92-D583-4212-81B2-745DD76E76D4}
	EndGlobalSection
EndGlobal
